
Microsoft Visual Studio Solution File, Format Version 12.00
# Visual Studio Version 17
VisualStudioVersion = 17.3.32825.248
MinimumVisualStudioVersion = 10.0.40219.1
Project("{FAE04EC0-301F-11D3-BF4B-00C04F79EFBC}") = "teste1", "teste1\teste1.csproj", "{A714BDBF-B883-4CD0-8666-F163AC5333AF}"
EndProject
Global
	GlobalSection(SolutionConfigurationPlatforms) = preSolution
		Debug|Any CPU = Debug|Any CPU
		Release|Any CPU = Release|Any CPU
	EndGlobalSection
	GlobalSection(ProjectConfigurationPlatforms) = postSolution
		{A714BDBF-B883-4CD0-8666-F163AC5333AF}.Debug|Any CPU.ActiveCfg = Debug|Any CPU
		{A714BDBF-B883-4CD0-8666-F163AC5333AF}.Debug|Any CPU.Build.0 = Debug|Any CPU
		{A714BDBF-B883-4CD0-8666-F163AC5333AF}.Release|Any CPU.ActiveCfg = Release|Any CPU
		{A714BDBF-B883-4CD0-8666-F163AC5333AF}.Release|Any CPU.Build.0 = Release|Any CPU
	EndGlobalSection
	GlobalSection(SolutionProperties) = preSolution
		HideSolutionNode = FALSE
	EndGlobalSection
	GlobalSection(ExtensibilityGlobals) = postSolution
		SolutionGuid = {708033A7-01F3-4037-AFB6-DAA93AC690BC}
	EndGlobalSection
EndGlobal
